
Microsoft Visual Studio Solution File, Format Version 12.00
# Visual Studio Version 16
VisualStudioVersion = 16.0.28803.202
MinimumVisualStudioVersion = 10.0.40219.1
Project("{FAE04EC0-301F-11D3-BF4B-00C04F79EFBC}") = "MediatrTest", "MediatrTest\MediatrTest.csproj", "{B6EA285A-E5D9-4ACB-8182-8485617A033F}"
EndProject
Global
	GlobalSection(SolutionConfigurationPlatforms) = preSolution
		Debug|Any CPU = Debug|Any CPU
		Release|Any CPU = Release|Any CPU
	EndGlobalSection
	GlobalSection(ProjectConfigurationPlatforms) = postSolution
		{B6EA285A-E5D9-4ACB-8182-8485617A033F}.Debug|Any CPU.ActiveCfg = Debug|Any CPU
		{B6EA285A-E5D9-4ACB-8182-8485617A033F}.Debug|Any CPU.Build.0 = Debug|Any CPU
		{B6EA285A-E5D9-4ACB-8182-8485617A033F}.Release|Any CPU.ActiveCfg = Release|Any CPU
		{B6EA285A-E5D9-4ACB-8182-8485617A033F}.Release|Any CPU.Build.0 = Release|Any CPU
	EndGlobalSection
	GlobalSection(SolutionProperties) = preSolution
		HideSolutionNode = FALSE
	EndGlobalSection
	GlobalSection(ExtensibilityGlobals) = postSolution
		SolutionGuid = {4EE56A48-EDF4-4722-B757-C3206A121E23}
	EndGlobalSection
EndGlobal
